// !$*UTF8*$!
{
	archiveVersion = 1;
	classes = {
	};
	objectVersion = 56;
	objects = {

/* Begin PBXBuildFile section */
		F14C83D12AFEF67700A847AF /* ContentView.swift in Sources */ = {isa = PBXBuildFile; fileRef = F14C83D02AFEF67700A847AF /* ContentView.swift */; };
		F14C83D32AFEF67700A847AF /* Assets.xcassets in Resources */ = {isa = PBXBuildFile; fileRef = F14C83D22AFEF67700A847AF /* Assets.xcassets */; };
		F14C83D62AFEF67700A847AF /* Preview Assets.xcassets in Resources */ = {isa = PBXBuildFile; fileRef = F14C83D52AFEF67700A847AF /* Preview Assets.xcassets */; };
		F14C83E12AFEF67800A847AF /* Plugin_ManagerTests.swift in Sources */ = {isa = PBXBuildFile; fileRef = F14C83E02AFEF67800A847AF /* Plugin_ManagerTests.swift */; };
		F14C83EB2AFEF67800A847AF /* Plugin_ManagerUITests.swift in Sources */ = {isa = PBXBuildFile; fileRef = F14C83EA2AFEF67800A847AF /* Plugin_ManagerUITests.swift */; };
		F14C83ED2AFEF67800A847AF /* Plugin_ManagerUITestsLaunchTests.swift in Sources */ = {isa = PBXBuildFile; fileRef = F14C83EC2AFEF67800A847AF /* Plugin_ManagerUITestsLaunchTests.swift */; };
		F14C83FE2AFFADDF00A847AF /* PluginManagerApp.swift in Sources */ = {isa = PBXBuildFile; fileRef = F14C83FD2AFFADDF00A847AF /* PluginManagerApp.swift */; };
		F14C84002AFFADEB00A847AF /* PluginManagerScannerUtils.swift in Sources */ = {isa = PBXBuildFile; fileRef = F14C83FF2AFFADEB00A847AF /* PluginManagerScannerUtils.swift */; };
		F14C84022AFFAE1500A847AF /* PluginManagerScanner.swift in Sources */ = {isa = PBXBuildFile; fileRef = F14C84012AFFAE1500A847AF /* PluginManagerScanner.swift */; };
		F14C84042B0019CD00A847AF /* PluginManagerDemoData.swift in Sources */ = {isa = PBXBuildFile; fileRef = F14C84032B0019CD00A847AF /* PluginManagerDemoData.swift */; };
		F14C84062B001B9F00A847AF /* Triplet.swift in Sources */ = {isa = PBXBuildFile; fileRef = F14C84052B001B9F00A847AF /* Triplet.swift */; };
/* End PBXBuildFile section */

/* Begin PBXContainerItemProxy section */
		F14C83DD2AFEF67800A847AF /* PBXContainerItemProxy */ = {
			isa = PBXContainerItemProxy;
			containerPortal = F14C83C32AFEF67700A847AF /* Project object */;
			proxyType = 1;
			remoteGlobalIDString = F14C83CA2AFEF67700A847AF;
			remoteInfo = "Plugin Manager";
		};
		F14C83E72AFEF67800A847AF /* PBXContainerItemProxy */ = {
			isa = PBXContainerItemProxy;
			containerPortal = F14C83C32AFEF67700A847AF /* Project object */;
			proxyType = 1;
			remoteGlobalIDString = F14C83CA2AFEF67700A847AF;
			remoteInfo = "Plugin Manager";
		};
/* End PBXContainerItemProxy section */

/* Begin PBXFileReference section */
		F14C83CB2AFEF67700A847AF /* Plugin Manager.app */ = {isa = PBXFileReference; explicitFileType = wrapper.application; includeInIndex = 0; path = "Plugin Manager.app"; sourceTree = BUILT_PRODUCTS_DIR; };
		F14C83D02AFEF67700A847AF /* ContentView.swift */ = {isa = PBXFileReference; lastKnownFileType = sourcecode.swift; path = ContentView.swift; sourceTree = "<group>"; };
		F14C83D22AFEF67700A847AF /* Assets.xcassets */ = {isa = PBXFileReference; lastKnownFileType = folder.assetcatalog; path = Assets.xcassets; sourceTree = "<group>"; };
		F14C83D52AFEF67700A847AF /* Preview Assets.xcassets */ = {isa = PBXFileReference; lastKnownFileType = folder.assetcatalog; path = "Preview Assets.xcassets"; sourceTree = "<group>"; };
		F14C83D72AFEF67700A847AF /* Plugin_Manager.entitlements */ = {isa = PBXFileReference; lastKnownFileType = text.plist.entitlements; path = Plugin_Manager.entitlements; sourceTree = "<group>"; };
		F14C83DC2AFEF67800A847AF /* Plugin ManagerTests.xctest */ = {isa = PBXFileReference; explicitFileType = wrapper.cfbundle; includeInIndex = 0; path = "Plugin ManagerTests.xctest"; sourceTree = BUILT_PRODUCTS_DIR; };
		F14C83E02AFEF67800A847AF /* Plugin_ManagerTests.swift */ = {isa = PBXFileReference; lastKnownFileType = sourcecode.swift; path = Plugin_ManagerTests.swift; sourceTree = "<group>"; };
		F14C83E62AFEF67800A847AF /* Plugin ManagerUITests.xctest */ = {isa = PBXFileReference; explicitFileType = wrapper.cfbundle; includeInIndex = 0; path = "Plugin ManagerUITests.xctest"; sourceTree = BUILT_PRODUCTS_DIR; };
		F14C83EA2AFEF67800A847AF /* Plugin_ManagerUITests.swift */ = {isa = PBXFileReference; lastKnownFileType = sourcecode.swift; path = Plugin_ManagerUITests.swift; sourceTree = "<group>"; };
		F14C83EC2AFEF67800A847AF /* Plugin_ManagerUITestsLaunchTests.swift */ = {isa = PBXFileReference; lastKnownFileType = sourcecode.swift; path = Plugin_ManagerUITestsLaunchTests.swift; sourceTree = "<group>"; };
		F14C83FD2AFFADDF00A847AF /* PluginManagerApp.swift */ = {isa = PBXFileReference; fileEncoding = 4; lastKnownFileType = sourcecode.swift; path = PluginManagerApp.swift; sourceTree = "<group>"; };
		F14C83FF2AFFADEB00A847AF /* PluginManagerScannerUtils.swift */ = {isa = PBXFileReference; fileEncoding = 4; lastKnownFileType = sourcecode.swift; path = PluginManagerScannerUtils.swift; sourceTree = "<group>"; };
		F14C84012AFFAE1500A847AF /* PluginManagerScanner.swift */ = {isa = PBXFileReference; fileEncoding = 4; lastKnownFileType = sourcecode.swift; path = PluginManagerScanner.swift; sourceTree = "<group>"; };
		F14C84032B0019CD00A847AF /* PluginManagerDemoData.swift */ = {isa = PBXFileReference; fileEncoding = 4; lastKnownFileType = sourcecode.swift; path = PluginManagerDemoData.swift; sourceTree = "<group>"; };
		F14C84052B001B9F00A847AF /* Triplet.swift */ = {isa = PBXFileReference; fileEncoding = 4; lastKnownFileType = sourcecode.swift; path = Triplet.swift; sourceTree = "<group>"; };
/* End PBXFileReference section */

/* Begin PBXFrameworksBuildPhase section */
		F14C83C82AFEF67700A847AF /* Frameworks */ = {
			isa = PBXFrameworksBuildPhase;
			buildActionMask = 2147483647;
			files = (
			);
			runOnlyForDeploymentPostprocessing = 0;
		};
		F14C83D92AFEF67800A847AF /* Frameworks */ = {
			isa = PBXFrameworksBuildPhase;
			buildActionMask = 2147483647;
			files = (
			);
			runOnlyForDeploymentPostprocessing = 0;
		};
		F14C83E32AFEF67800A847AF /* Frameworks */ = {
			isa = PBXFrameworksBuildPhase;
			buildActionMask = 2147483647;
			files = (
			);
			runOnlyForDeploymentPostprocessing = 0;
		};
/* End PBXFrameworksBuildPhase section */

/* Begin PBXGroup section */
		F14C83C22AFEF67700A847AF = {
			isa = PBXGroup;
			children = (
				F14C83CD2AFEF67700A847AF /* Plugin Manager */,
				F14C83DF2AFEF67800A847AF /* Plugin ManagerTests */,
				F14C83E92AFEF67800A847AF /* Plugin ManagerUITests */,
				F14C83CC2AFEF67700A847AF /* Products */,
			);
			sourceTree = "<group>";
		};
		F14C83CC2AFEF67700A847AF /* Products */ = {
			isa = PBXGroup;
			children = (
				F14C83CB2AFEF67700A847AF /* Plugin Manager.app */,
				F14C83DC2AFEF67800A847AF /* Plugin ManagerTests.xctest */,
				F14C83E62AFEF67800A847AF /* Plugin ManagerUITests.xctest */,
			);
			name = Products;
			sourceTree = "<group>";
		};
		F14C83CD2AFEF67700A847AF /* Plugin Manager */ = {
			isa = PBXGroup;
			children = (
				F14C84052B001B9F00A847AF /* Triplet.swift */,
				F14C84032B0019CD00A847AF /* PluginManagerDemoData.swift */,
				F14C84012AFFAE1500A847AF /* PluginManagerScanner.swift */,
				F14C83FF2AFFADEB00A847AF /* PluginManagerScannerUtils.swift */,
				F14C83FD2AFFADDF00A847AF /* PluginManagerApp.swift */,
				F14C83D02AFEF67700A847AF /* ContentView.swift */,
				F14C83D22AFEF67700A847AF /* Assets.xcassets */,
				F14C83D72AFEF67700A847AF /* Plugin_Manager.entitlements */,
				F14C83D42AFEF67700A847AF /* Preview Content */,
			);
			path = "Plugin Manager";
			sourceTree = "<group>";
		};
		F14C83D42AFEF67700A847AF /* Preview Content */ = {
			isa = PBXGroup;
			children = (
				F14C83D52AFEF67700A847AF /* Preview Assets.xcassets */,
			);
			path = "Preview Content";
			sourceTree = "<group>";
		};
		F14C83DF2AFEF67800A847AF /* Plugin ManagerTests */ = {
			isa = PBXGroup;
			children = (
				F14C83E02AFEF67800A847AF /* Plugin_ManagerTests.swift */,
			);
			path = "Plugin ManagerTests";
			sourceTree = "<group>";
		};
		F14C83E92AFEF67800A847AF /* Plugin ManagerUITests */ = {
			isa = PBXGroup;
			children = (
				F14C83EA2AFEF67800A847AF /* Plugin_ManagerUITests.swift */,
				F14C83EC2AFEF67800A847AF /* Plugin_ManagerUITestsLaunchTests.swift */,
			);
			path = "Plugin ManagerUITests";
			sourceTree = "<group>";
		};
/* End PBXGroup section */

/* Begin PBXNativeTarget section */
		F14C83CA2AFEF67700A847AF /* Plugin Manager */ = {
			isa = PBXNativeTarget;
			buildConfigurationList = F14C83F02AFEF67800A847AF /* Build configuration list for PBXNativeTarget "Plugin Manager" */;
			buildPhases = (
				F14C83C72AFEF67700A847AF /* Sources */,
				F14C83C82AFEF67700A847AF /* Frameworks */,
				F14C83C92AFEF67700A847AF /* Resources */,
			);
			buildRules = (
			);
			dependencies = (
			);
			name = "Plugin Manager";
			productName = "Plugin Manager";
			productReference = F14C83CB2AFEF67700A847AF /* Plugin Manager.app */;
			productType = "com.apple.product-type.application";
		};
		F14C83DB2AFEF67800A847AF /* Plugin ManagerTests */ = {
			isa = PBXNativeTarget;
			buildConfigurationList = F14C83F32AFEF67800A847AF /* Build configuration list for PBXNativeTarget "Plugin ManagerTests" */;
			buildPhases = (
				F14C83D82AFEF67800A847AF /* Sources */,
				F14C83D92AFEF67800A847AF /* Frameworks */,
				F14C83DA2AFEF67800A847AF /* Resources */,
			);
			buildRules = (
			);
			dependencies = (
				F14C83DE2AFEF67800A847AF /* PBXTargetDependency */,
			);
			name = "Plugin ManagerTests";
			productName = "Plugin ManagerTests";
			productReference = F14C83DC2AFEF67800A847AF /* Plugin ManagerTests.xctest */;
			productType = "com.apple.product-type.bundle.unit-test";
		};
		F14C83E52AFEF67800A847AF /* Plugin ManagerUITests */ = {
			isa = PBXNativeTarget;
			buildConfigurationList = F14C83F62AFEF67800A847AF /* Build configuration list for PBXNativeTarget "Plugin ManagerUITests" */;
			buildPhases = (
				F14C83E22AFEF67800A847AF /* Sources */,
				F14C83E32AFEF67800A847AF /* Frameworks */,
				F14C83E42AFEF67800A847AF /* Resources */,
			);
			buildRules = (
			);
			dependencies = (
				F14C83E82AFEF67800A847AF /* PBXTargetDependency */,
			);
			name = "Plugin ManagerUITests";
			productName = "Plugin ManagerUITests";
			productReference = F14C83E62AFEF67800A847AF /* Plugin ManagerUITests.xctest */;
			productType = "com.apple.product-type.bundle.ui-testing";
		};
/* End PBXNativeTarget section */

/* Begin PBXProject section */
		F14C83C32AFEF67700A847AF /* Project object */ = {
			isa = PBXProject;
			attributes = {
				BuildIndependentTargetsInParallel = 1;
				LastSwiftUpdateCheck = 1500;
				LastUpgradeCheck = 1500;
				TargetAttributes = {
					F14C83CA2AFEF67700A847AF = {
						CreatedOnToolsVersion = 15.0.1;
					};
					F14C83DB2AFEF67800A847AF = {
						CreatedOnToolsVersion = 15.0.1;
						TestTargetID = F14C83CA2AFEF67700A847AF;
					};
					F14C83E52AFEF67800A847AF = {
						CreatedOnToolsVersion = 15.0.1;
						TestTargetID = F14C83CA2AFEF67700A847AF;
					};
				};
			};
			buildConfigurationList = F14C83C62AFEF67700A847AF /* Build configuration list for PBXProject "Plugin Manager" */;
			compatibilityVersion = "Xcode 14.0";
			developmentRegion = en;
			hasScannedForEncodings = 0;
			knownRegions = (
				en,
				Base,
			);
			mainGroup = F14C83C22AFEF67700A847AF;
			productRefGroup = F14C83CC2AFEF67700A847AF /* Products */;
			projectDirPath = "";
			projectRoot = "";
			targets = (
				F14C83CA2AFEF67700A847AF /* Plugin Manager */,
				F14C83DB2AFEF67800A847AF /* Plugin ManagerTests */,
				F14C83E52AFEF67800A847AF /* Plugin ManagerUITests */,
			);
		};
/* End PBXProject section */

/* Begin PBXResourcesBuildPhase section */
		F14C83C92AFEF67700A847AF /* Resources */ = {
			isa = PBXResourcesBuildPhase;
			buildActionMask = 2147483647;
			files = (
				F14C83D62AFEF67700A847AF /* Preview Assets.xcassets in Resources */,
				F14C83D32AFEF67700A847AF /* Assets.xcassets in Resources */,
			);
			runOnlyForDeploymentPostprocessing = 0;
		};
		F14C83DA2AFEF67800A847AF /* Resources */ = {
			isa = PBXResourcesBuildPhase;
			buildActionMask = 2147483647;
			files = (
			);
			runOnlyForDeploymentPostprocessing = 0;
		};
		F14C83E42AFEF67800A847AF /* Resources */ = {
			isa = PBXResourcesBuildPhase;
			buildActionMask = 2147483647;
			files = (
			);
			runOnlyForDeploymentPostprocessing = 0;
		};
/* End PBXResourcesBuildPhase section */

/* Begin PBXSourcesBuildPhase section */
		F14C83C72AFEF67700A847AF /* Sources */ = {
			isa = PBXSourcesBuildPhase;
			buildActionMask = 2147483647;
			files = (
				F14C84062B001B9F00A847AF /* Triplet.swift in Sources */,
				F14C83D12AFEF67700A847AF /* ContentView.swift in Sources */,
				F14C84042B0019CD00A847AF /* PluginManagerDemoData.swift in Sources */,
				F14C83FE2AFFADDF00A847AF /* PluginManagerApp.swift in Sources */,
				F14C84002AFFADEB00A847AF /* PluginManagerScannerUtils.swift in Sources */,
				F14C84022AFFAE1500A847AF /* PluginManagerScanner.swift in Sources */,
			);
			runOnlyForDeploymentPostprocessing = 0;
		};
		F14C83D82AFEF67800A847AF /* Sources */ = {
			isa = PBXSourcesBuildPhase;
			buildActionMask = 2147483647;
			files = (
				F14C83E12AFEF67800A847AF /* Plugin_ManagerTests.swift in Sources */,
			);
			runOnlyForDeploymentPostprocessing = 0;
		};
		F14C83E22AFEF67800A847AF /* Sources */ = {
			isa = PBXSourcesBuildPhase;
			buildActionMask = 2147483647;
			files = (
				F14C83EB2AFEF67800A847AF /* Plugin_ManagerUITests.swift in Sources */,
				F14C83ED2AFEF67800A847AF /* Plugin_ManagerUITestsLaunchTests.swift in Sources */,
			);
			runOnlyForDeploymentPostprocessing = 0;
		};
/* End PBXSourcesBuildPhase section */

/* Begin PBXTargetDependency section */
		F14C83DE2AFEF67800A847AF /* PBXTargetDependency */ = {
			isa = PBXTargetDependency;
			target = F14C83CA2AFEF67700A847AF /* Plugin Manager */;
			targetProxy = F14C83DD2AFEF67800A847AF /* PBXContainerItemProxy */;
		};
		F14C83E82AFEF67800A847AF /* PBXTargetDependency */ = {
			isa = PBXTargetDependency;
			target = F14C83CA2AFEF67700A847AF /* Plugin Manager */;
			targetProxy = F14C83E72AFEF67800A847AF /* PBXContainerItemProxy */;
		};
/* End PBXTargetDependency section */

/* Begin XCBuildConfiguration section */
		F14C83EE2AFEF67800A847AF /* Debug */ = {
			isa = XCBuildConfiguration;
			buildSettings = {
				ALWAYS_SEARCH_USER_PATHS = NO;
				ASSETCATALOG_COMPILER_GENERATE_SWIFT_ASSET_SYMBOL_EXTENSIONS = YES;
				CLANG_ANALYZER_NONNULL = YES;
				CLANG_ANALYZER_NUMBER_OBJECT_CONVERSION = YES_AGGRESSIVE;
				CLANG_CXX_LANGUAGE_STANDARD = "gnu++20";
				CLANG_ENABLE_MODULES = YES;
				CLANG_ENABLE_OBJC_ARC = YES;
				CLANG_ENABLE_OBJC_WEAK = YES;
				CLANG_WARN_BLOCK_CAPTURE_AUTORELEASING = YES;
				CLANG_WARN_BOOL_CONVERSION = YES;
				CLANG_WARN_COMMA = YES;
				CLANG_WARN_CONSTANT_CONVERSION = YES;
				CLANG_WARN_DEPRECATED_OBJC_IMPLEMENTATIONS = YES;
				CLANG_WARN_DIRECT_OBJC_ISA_USAGE = YES_ERROR;
				CLANG_WARN_DOCUMENTATION_COMMENTS = YES;
				CLANG_WARN_EMPTY_BODY = YES;
				CLANG_WARN_ENUM_CONVERSION = YES;
				CLANG_WARN_INFINITE_RECURSION = YES;
				CLANG_WARN_INT_CONVERSION = YES;
				CLANG_WARN_NON_LITERAL_NULL_CONVERSION = YES;
				CLANG_WARN_OBJC_IMPLICIT_RETAIN_SELF = YES;
				CLANG_WARN_OBJC_LITERAL_CONVERSION = YES;
				CLANG_WARN_OBJC_ROOT_CLASS = YES_ERROR;
				CLANG_WARN_QUOTED_INCLUDE_IN_FRAMEWORK_HEADER = YES;
				CLANG_WARN_RANGE_LOOP_ANALYSIS = YES;
				CLANG_WARN_STRICT_PROTOTYPES = YES;
				CLANG_WARN_SUSPICIOUS_MOVE = YES;
				CLANG_WARN_UNGUARDED_AVAILABILITY = YES_AGGRESSIVE;
				CLANG_WARN_UNREACHABLE_CODE = YES;
				CLANG_WARN__DUPLICATE_METHOD_MATCH = YES;
				COPY_PHASE_STRIP = NO;
				DEBUG_INFORMATION_FORMAT = dwarf;
				ENABLE_STRICT_OBJC_MSGSEND = YES;
				ENABLE_TESTABILITY = YES;
				ENABLE_USER_SCRIPT_SANDBOXING = YES;
				GCC_C_LANGUAGE_STANDARD = gnu17;
				GCC_DYNAMIC_NO_PIC = NO;
				GCC_NO_COMMON_BLOCKS = YES;
				GCC_OPTIMIZATION_LEVEL = 0;
				GCC_PREPROCESSOR_DEFINITIONS = (
					"DEBUG=1",
					"$(inherited)",
				);
				GCC_WARN_64_TO_32_BIT_CONVERSION = YES;
				GCC_WARN_ABOUT_RETURN_TYPE = YES_ERROR;
				GCC_WARN_UNDECLARED_SELECTOR = YES;
				GCC_WARN_UNINITIALIZED_AUTOS = YES_AGGRESSIVE;
				GCC_WARN_UNUSED_FUNCTION = YES;
				GCC_WARN_UNUSED_VARIABLE = YES;
				LOCALIZATION_PREFERS_STRING_CATALOGS = YES;
				MACOSX_DEPLOYMENT_TARGET = 13.5;
				MTL_ENABLE_DEBUG_INFO = INCLUDE_SOURCE;
				MTL_FAST_MATH = YES;
				ONLY_ACTIVE_ARCH = YES;
				SDKROOT = macosx;
				SWIFT_ACTIVE_COMPILATION_CONDITIONS = "DEBUG $(inherited)";
				SWIFT_OPTIMIZATION_LEVEL = "-Onone";
			};
			name = Debug;
		};
		F14C83EF2AFEF67800A847AF /* Release */ = {
			isa = XCBuildConfiguration;
			buildSettings = {
				ALWAYS_SEARCH_USER_PATHS = NO;
				ASSETCATALOG_COMPILER_GENERATE_SWIFT_ASSET_SYMBOL_EXTENSIONS = YES;
				CLANG_ANALYZER_NONNULL = YES;
				CLANG_ANALYZER_NUMBER_OBJECT_CONVERSION = YES_AGGRESSIVE;
				CLANG_CXX_LANGUAGE_STANDARD = "gnu++20";
				CLANG_ENABLE_MODULES = YES;
				CLANG_ENABLE_OBJC_ARC = YES;
				CLANG_ENABLE_OBJC_WEAK = YES;
				CLANG_WARN_BLOCK_CAPTURE_AUTORELEASING = YES;
				CLANG_WARN_BOOL_CONVERSION = YES;
				CLANG_WARN_COMMA = YES;
				CLANG_WARN_CONSTANT_CONVERSION = YES;
				CLANG_WARN_DEPRECATED_OBJC_IMPLEMENTATIONS = YES;
				CLANG_WARN_DIRECT_OBJC_ISA_USAGE = YES_ERROR;
				CLANG_WARN_DOCUMENTATION_COMMENTS = YES;
				CLANG_WARN_EMPTY_BODY = YES;
				CLANG_WARN_ENUM_CONVERSION = YES;
				CLANG_WARN_INFINITE_RECURSION = YES;
				CLANG_WARN_INT_CONVERSION = YES;
				CLANG_WARN_NON_LITERAL_NULL_CONVERSION = YES;
				CLANG_WARN_OBJC_IMPLICIT_RETAIN_SELF = YES;
				CLANG_WARN_OBJC_LITERAL_CONVERSION = YES;
				CLANG_WARN_OBJC_ROOT_CLASS = YES_ERROR;
				CLANG_WARN_QUOTED_INCLUDE_IN_FRAMEWORK_HEADER = YES;
				CLANG_WARN_RANGE_LOOP_ANALYSIS = YES;
				CLANG_WARN_STRICT_PROTOTYPES = YES;
				CLANG_WARN_SUSPICIOUS_MOVE = YES;
				CLANG_WARN_UNGUARDED_AVAILABILITY = YES_AGGRESSIVE;
				CLANG_WARN_UNREACHABLE_CODE = YES;
				CLANG_WARN__DUPLICATE_METHOD_MATCH = YES;
				COPY_PHASE_STRIP = NO;
				DEBUG_INFORMATION_FORMAT = "dwarf-with-dsym";
				ENABLE_NS_ASSERTIONS = NO;
				ENABLE_STRICT_OBJC_MSGSEND = YES;
				ENABLE_USER_SCRIPT_SANDBOXING = YES;
				GCC_C_LANGUAGE_STANDARD = gnu17;
				GCC_NO_COMMON_BLOCKS = YES;
				GCC_WARN_64_TO_32_BIT_CONVERSION = YES;
				GCC_WARN_ABOUT_RETURN_TYPE = YES_ERROR;
				GCC_WARN_UNDECLARED_SELECTOR = YES;
				GCC_WARN_UNINITIALIZED_AUTOS = YES_AGGRESSIVE;
				GCC_WARN_UNUSED_FUNCTION = YES;
				GCC_WARN_UNUSED_VARIABLE = YES;
				LOCALIZATION_PREFERS_STRING_CATALOGS = YES;
				MACOSX_DEPLOYMENT_TARGET = 13.5;
				MTL_ENABLE_DEBUG_INFO = NO;
				MTL_FAST_MATH = YES;
				SDKROOT = macosx;
				SWIFT_COMPILATION_MODE = wholemodule;
			};
			name = Release;
		};
		F14C83F12AFEF67800A847AF /* Debug */ = {
			isa = XCBuildConfiguration;
			buildSettings = {
				ASSETCATALOG_COMPILER_APPICON_NAME = AppIcon;
				ASSETCATALOG_COMPILER_GLOBAL_ACCENT_COLOR_NAME = AccentColor;
				CODE_SIGN_ENTITLEMENTS = "Plugin Manager/Plugin_Manager.entitlements";
				CODE_SIGN_STYLE = Automatic;
				COMBINE_HIDPI_IMAGES = YES;
				CURRENT_PROJECT_VERSION = 1;
				DEVELOPMENT_ASSET_PATHS = "\"Plugin Manager/Preview Content\"";
				ENABLE_PREVIEWS = YES;
				GENERATE_INFOPLIST_FILE = YES;
				INFOPLIST_KEY_CFBundleDisplayName = "Plugin Manager";
				INFOPLIST_KEY_LSApplicationCategoryType = "public.app-category.music";
				INFOPLIST_KEY_NSHumanReadableCopyright = "";
				LD_RUNPATH_SEARCH_PATHS = (
					"$(inherited)",
					"@executable_path/../Frameworks",
				);
				MARKETING_VERSION = 0.1;
				PRODUCT_BUNDLE_IDENTIFIER = "com.carlca.pluginmanager.Plugin-Manager";
				PRODUCT_NAME = "$(TARGET_NAME)";
				SWIFT_EMIT_LOC_STRINGS = YES;
				SWIFT_VERSION = 5.0;
			};
			name = Debug;
		};
		F14C83F22AFEF67800A847AF /* Release */ = {
			isa = XCBuildConfiguration;
			buildSettings = {
				ASSETCATALOG_COMPILER_APPICON_NAME = AppIcon;
				ASSETCATALOG_COMPILER_GLOBAL_ACCENT_COLOR_NAME = AccentColor;
				CODE_SIGN_ENTITLEMENTS = "Plugin Manager/Plugin_Manager.entitlements";
				CODE_SIGN_STYLE = Automatic;
				COMBINE_HIDPI_IMAGES = YES;
				CURRENT_PROJECT_VERSION = 1;
				DEVELOPMENT_ASSET_PATHS = "\"Plugin Manager/Preview Content\"";
				ENABLE_PREVIEWS = YES;
				GENERATE_INFOPLIST_FILE = YES;
				INFOPLIST_KEY_CFBundleDisplayName = "Plugin Manager";
				INFOPLIST_KEY_LSApplicationCategoryType = "public.app-category.music";
				INFOPLIST_KEY_NSHumanReadableCopyright = "";
				LD_RUNPATH_SEARCH_PATHS = (
					"$(inherited)",
					"@executable_path/../Frameworks",
				);
				MARKETING_VERSION = 0.1;
				PRODUCT_BUNDLE_IDENTIFIER = "com.carlca.pluginmanager.Plugin-Manager";
				PRODUCT_NAME = "$(TARGET_NAME)";
				SWIFT_EMIT_LOC_STRINGS = YES;
				SWIFT_VERSION = 5.0;
			};
			name = Release;
		};
		F14C83F42AFEF67800A847AF /* Debug */ = {
			isa = XCBuildConfiguration;
			buildSettings = {
				ALWAYS_EMBED_SWIFT_STANDARD_LIBRARIES = YES;
				BUNDLE_LOADER = "$(TEST_HOST)";
				CODE_SIGN_STYLE = Automatic;
				CURRENT_PROJECT_VERSION = 1;
				GENERATE_INFOPLIST_FILE = YES;
				MACOSX_DEPLOYMENT_TARGET = 13.6;
				MARKETING_VERSION = 1.0;
				PRODUCT_BUNDLE_IDENTIFIER = "com.carlca.pluginmanager.Plugin-ManagerTests";
				PRODUCT_NAME = "$(TARGET_NAME)";
				SWIFT_EMIT_LOC_STRINGS = NO;
				SWIFT_VERSION = 5.0;
				TEST_HOST = "$(BUILT_PRODUCTS_DIR)/Plugin Manager.app/$(BUNDLE_EXECUTABLE_FOLDER_PATH)/Plugin Manager";
			};
			name = Debug;
		};
		F14C83F52AFEF67800A847AF /* Release */ = {
			isa = XCBuildConfiguration;
			buildSettings = {
				ALWAYS_EMBED_SWIFT_STANDARD_LIBRARIES = YES;
				BUNDLE_LOADER = "$(TEST_HOST)";
				CODE_SIGN_STYLE = Automatic;
				CURRENT_PROJECT_VERSION = 1;
				GENERATE_INFOPLIST_FILE = YES;
				MACOSX_DEPLOYMENT_TARGET = 13.6;
				MARKETING_VERSION = 1.0;
				PRODUCT_BUNDLE_IDENTIFIER = "com.carlca.pluginmanager.Plugin-ManagerTests";
				PRODUCT_NAME = "$(TARGET_NAME)";
				SWIFT_EMIT_LOC_STRINGS = NO;
				SWIFT_VERSION = 5.0;
				TEST_HOST = "$(BUILT_PRODUCTS_DIR)/Plugin Manager.app/$(BUNDLE_EXECUTABLE_FOLDER_PATH)/Plugin Manager";
			};
			name = Release;
		};
		F14C83F72AFEF67800A847AF /* Debug */ = {
			isa = XCBuildConfiguration;
			buildSettings = {
				ALWAYS_EMBED_SWIFT_STANDARD_LIBRARIES = YES;
				CODE_SIGN_STYLE = Automatic;
				CURRENT_PROJECT_VERSION = 1;
				GENERATE_INFOPLIST_FILE = YES;
				MARKETING_VERSION = 1.0;
				PRODUCT_BUNDLE_IDENTIFIER = "com.carlca.pluginmanager.Plugin-ManagerUITests";
				PRODUCT_NAME = "$(TARGET_NAME)";
				SWIFT_EMIT_LOC_STRINGS = NO;
				SWIFT_VERSION = 5.0;
				TEST_TARGET_NAME = "Plugin Manager";
			};
			name = Debug;
		};
		F14C83F82AFEF67800A847AF /* Release */ = {
			isa = XCBuildConfiguration;
			buildSettings = {
				ALWAYS_EMBED_SWIFT_STANDARD_LIBRARIES = YES;
				CODE_SIGN_STYLE = Automatic;
				CURRENT_PROJECT_VERSION = 1;
				GENERATE_INFOPLIST_FILE = YES;
				MARKETING_VERSION = 1.0;
				PRODUCT_BUNDLE_IDENTIFIER = "com.carlca.pluginmanager.Plugin-ManagerUITests";
				PRODUCT_NAME = "$(TARGET_NAME)";
				SWIFT_EMIT_LOC_STRINGS = NO;
				SWIFT_VERSION = 5.0;
				TEST_TARGET_NAME = "Plugin Manager";
			};
			name = Release;
		};
/* End XCBuildConfiguration section */

/* Begin XCConfigurationList section */
		F14C83C62AFEF67700A847AF /* Build configuration list for PBXProject "Plugin Manager" */ = {
			isa = XCConfigurationList;
			buildConfigurations = (
				F14C83EE2AFEF67800A847AF /* Debug */,
				F14C83EF2AFEF67800A847AF /* Release */,
			);
			defaultConfigurationIsVisible = 0;
			defaultConfigurationName = Release;
		};
		F14C83F02AFEF67800A847AF /* Build configuration list for PBXNativeTarget "Plugin Manager" */ = {
			isa = XCConfigurationList;
			buildConfigurations = (
				F14C83F12AFEF67800A847AF /* Debug */,
				F14C83F22AFEF67800A847AF /* Release */,
			);
			defaultConfigurationIsVisible = 0;
			defaultConfigurationName = Release;
		};
		F14C83F32AFEF67800A847AF /* Build configuration list for PBXNativeTarget "Plugin ManagerTests" */ = {
			isa = XCConfigurationList;
			buildConfigurations = (
				F14C83F42AFEF67800A847AF /* Debug */,
				F14C83F52AFEF67800A847AF /* Release */,
			);
			defaultConfigurationIsVisible = 0;
			defaultConfigurationName = Release;
		};
		F14C83F62AFEF67800A847AF /* Build configuration list for PBXNativeTarget "Plugin ManagerUITests" */ = {
			isa = XCConfigurationList;
			buildConfigurations = (
				F14C83F72AFEF67800A847AF /* Debug */,
				F14C83F82AFEF67800A847AF /* Release */,
			);
			defaultConfigurationIsVisible = 0;
			defaultConfigurationName = Release;
		};
/* End XCConfigurationList section */
	};
	rootObject = F14C83C32AFEF67700A847AF /* Project object */;
}
